# Generated by 'agentpack catalog lock'. Do not edit by hand.
schemaVersion: 1
entries:
- id: agent-governance-reviewer
  kind: agents
  sourceType: external
  url: https://github.com/github/awesome-copilot/blob/main/agents/agent-governance-reviewer.agent.md
  ref: 0aaced533251f5b86c69dfbc5e55db74c4b4d1af
  checksum: sha256:83fb9073c86faaba2b1b9c40f12037125261739ad008f8df59aa58dc45fa738d
- id: block-dangerous-git
  kind: hooks
  sourceType: local
  checksum: sha256:bd55edbdcb94fe80f5cba7b0eb3a8d09e4d46b3287a5426e5fcbcd67f129fc51
- id: brain-to-docs
  kind: skills
  sourceType: external
  url: https://github.com/davidondrej/skills/tree/main/skills/thinking-and-docs/brain-to-docs
  ref: 66860fb790fa212ff2b6f0da223a33cffa0a8eff
  checksum: sha256:735a10eb4930b04cf72472f74e76ab5c2db73e01191461a2244e3dedf5bf45f6
- id: code-review
  kind: skills
  sourceType: external
  url: https://github.com/mattpocock/skills/tree/main/skills/engineering/code-review
  ref: 66898f60e8c744e269f8ce06c2b2b99ce7660d5f
  checksum: sha256:737b4646e7a6066789d1323f345100a9016d14df71d5e77e601dc953a7e2560c
- id: codebase-design
  kind: skills
  sourceType: external
  url: https://github.com/mattpocock/skills/tree/main/skills/engineering/codebase-design
  ref: 66898f60e8c744e269f8ce06c2b2b99ce7660d5f
  checksum: sha256:5e583a6b96584655940f485ec88cab566a154bf4e51469a53c2168e05319e1ec
- id: csharp-aspnetcore
  kind: skills
  sourceType: local
  checksum: sha256:7b95fbccad358f5f3ba7de4042f901194ead006d6df8ef48351730fdf4a3b7b8
- id: csharp-modern
  kind: skills
  sourceType: local
  checksum: sha256:2ceed4fd209b6892a5bf452ab36003d01ca98122823f6be059c46c8c8fddb7e0
- id: dependency-analysis
  kind: skills
  sourceType: local
  checksum: sha256:569d2d98c2b311629d4fd4d0c1dc5ec52a796fff9c1c03c63b033c43a70251ed
- id: diagnosing-bugs
  kind: skills
  sourceType: external
  url: https://github.com/mattpocock/skills/tree/main/skills/engineering/diagnosing-bugs
  ref: 66898f60e8c744e269f8ce06c2b2b99ce7660d5f
  checksum: sha256:19fc69eef9cbbdf0e20809eccad4d2002d4825bbc8903c7115e09d83b999d0ec
- id: domain-modeling
  kind: skills
  sourceType: external
  url: https://github.com/mattpocock/skills/tree/main/skills/engineering/domain-modeling
  ref: 66898f60e8c744e269f8ce06c2b2b99ce7660d5f
  checksum: sha256:aec973bad19c78d0a88b698874a3f0f642314bb3225f6d7e81d6040764698f37
- id: dotnet-build-check
  kind: hooks
  sourceType: local
  checksum: sha256:9c64c981ebc509e9daf74203be60691477e253c3ea01293190f0d449f985611d
- id: dotnet-conventions
  kind: instructions
  sourceType: local
  checksum: sha256:f75d3083185cd1a9d7fce13dd5a6b0c40a4dfda7ee943acede521f495b35d15d
- id: dotnet-format
  kind: hooks
  sourceType: local
  checksum: sha256:a9731e9dab75eb2511dbf8603cfd9660d814aed700942ab5702ee07f0658edc5
- id: dotnet-upgrade
  kind: agents
  sourceType: external
  url: https://github.com/github/awesome-copilot/blob/main/agents/dotnet-upgrade.agent.md
  ref: 0aaced533251f5b86c69dfbc5e55db74c4b4d1af
  checksum: sha256:e6676056480fa990b65ff1c7f8dbbf86ff9f51a712bf330d7d459d9dea746772
- id: effective-agent-skills
  kind: skills
  sourceType: external
  url: https://github.com/davidondrej/skills/tree/main/skills/skill-authoring/effective-agent-skills
  ref: 66860fb790fa212ff2b6f0da223a33cffa0a8eff
  checksum: sha256:334c91f66b537eba24afc99bc3ce06041d702c00af634e103853c21c28875b93
- id: external-pdf-skill-example
  kind: skills
  sourceType: external
  url: https://github.com/anthropics/skills/tree/main/skills/pdf
  ref: 9d2f1ae187231d8199c64b5b762e1bdf2244733d
  checksum: sha256:c46a7f1bea15de3ac59a0148c9b8f4415943b67b575755b9aaf43e8533418ffe
- id: github
  kind: mcp
  sourceType: local
  checksum: sha256:72decd8ffc5eabc92c1b24b425c62b510a73a24be47d5b51ea66df93d6de320f
- id: grill-me
  kind: skills
  sourceType: local
  checksum: sha256:b1aaceb0789b8aa19b2ee4a6ccff6189f10e9bfec6c424a039b6de39e9551555
- id: handoff
  kind: skills
  sourceType: external
  url: https://github.com/mattpocock/skills/tree/main/skills/productivity/handoff
  ref: 66898f60e8c744e269f8ce06c2b2b99ce7660d5f
  checksum: sha256:8f94141e96d098adc6058b739c7a9e3375de06162ec5e037da01f23393d68ff3
- id: implement
  kind: skills
  sourceType: external
  url: https://github.com/mattpocock/skills/tree/main/skills/engineering/implement
  ref: 66898f60e8c744e269f8ce06c2b2b99ce7660d5f
  checksum: sha256:9ca673e2034f37cf01ba5247cf49f1bf021491c4746749cc43c9a1ac54f59d47
- id: microsoft-docs
  kind: mcp
  sourceType: local
  checksum: sha256:d6521aca31417e37af05dbe83e26862eca93c91d756e29adb7b2d73cb1b99ff9
- id: node-modern-runtime
  kind: skills
  sourceType: local
  checksum: sha256:6bad1938daae14da1f41a4f1454c2d9395670bf180fbbc2a3f2945fccdebcfbf
- id: node-service-patterns
  kind: skills
  sourceType: local
  checksum: sha256:33e1b1156f73cacfb3a9e400d2c975272fcaa74c56c78c3f74123e08359b3915
- id: platform-infra-review
  kind: prompts
  sourceType: local
  checksum: sha256:5744d3436dbcae0a7ddeb8e04c9c846f23801ad5eecfa56f1070c687842854bd
- id: prettier-format
  kind: hooks
  sourceType: local
  checksum: sha256:031a883c2d4d05997cb29e836e7ade08d4826ec219de9c41f48508a5612853af
- id: prototype
  kind: skills
  sourceType: external
  url: https://github.com/mattpocock/skills/tree/main/skills/engineering/prototype
  ref: 66898f60e8c744e269f8ce06c2b2b99ce7660d5f
  checksum: sha256:ff272aa30caae5666952bf0e71a8bda94db07de1f905c1039b705a0b944f1efe
- id: react-modern-patterns
  kind: skills
  sourceType: local
  checksum: sha256:9d10017a516d8a7ed1811da8f4f6f5991a5644f21c8c125e11b503ef2456dd02
- id: react-testing
  kind: skills
  sourceType: local
  checksum: sha256:e7618b0223743ecf399c6afaf428502ccdc544218995df0e5d5c1b28a7526d97
- id: resolving-merge-conflicts
  kind: skills
  sourceType: external
  url: https://github.com/mattpocock/skills/tree/main/skills/engineering/resolving-merge-conflicts
  ref: 66898f60e8c744e269f8ce06c2b2b99ce7660d5f
  checksum: sha256:7aa6359c1ac4baf0e9f2718c42717d78d7b4efadfd61e07c2a20635d53a466a4
- id: secret-scan
  kind: hooks
  sourceType: local
  checksum: sha256:8b1cfd494adda6cd0651454dcbc4c0496ea8bdee99d43d24bb2f937e37097b6f
- id: tdd
  kind: skills
  sourceType: external
  url: https://github.com/mattpocock/skills/tree/main/skills/engineering/tdd
  ref: 66898f60e8c744e269f8ce06c2b2b99ce7660d5f
  checksum: sha256:1bf2a8696bb44052677ec1688b4f56afeaa00b88e80d989a685257e424195e7a
- id: ts-typecheck
  kind: hooks
  sourceType: local
  checksum: sha256:f749be6d3b91b5e689ab4c7196c4c8819867a02c21bf20fa2ed94f6777db034b
- id: typescript-strict
  kind: skills
  sourceType: local
  checksum: sha256:77a780747d3261a540a02ae5442ae51c42d9a7e19ecbdf943556d0f2e7742f3e
- id: typescript-type-design
  kind: skills
  sourceType: local
  checksum: sha256:5e5a9fc82002160626043d82ab5f25775cfded1755bf0cae81d4c583b31a7aa5
