# Generated by 'agentpack catalog lock'. Do not edit by hand.
schemaVersion: 1
entries:
- id: external-pdf-skill-example
  kind: skills
  sourceType: external
  url: https://github.com/anthropics/skills/tree/main/skills/pdf
  ref: 9d2f1ae187231d8199c64b5b762e1bdf2244733d
- id: github
  kind: mcp
  sourceType: local
  checksum: sha256:72decd8ffc5eabc92c1b24b425c62b510a73a24be47d5b51ea66df93d6de320f
- id: grill-me
  kind: skills
  sourceType: local
  checksum: sha256:b1aaceb0789b8aa19b2ee4a6ccff6189f10e9bfec6c424a039b6de39e9551555
- id: platform-infra-review
  kind: prompts
  sourceType: local
  checksum: sha256:5744d3436dbcae0a7ddeb8e04c9c846f23801ad5eecfa56f1070c687842854bd
- id: secret-scan
  kind: hooks
  sourceType: local
  checksum: sha256:8b1cfd494adda6cd0651454dcbc4c0496ea8bdee99d43d24bb2f937e37097b6f
