# Generated by 'agentpack catalog lock'. Do not edit by hand.
schemaVersion: 1
entries:
- id: accessibility
  kind: instructions
  sourceType: external
  url: https://github.com/github/awesome-copilot/blob/main/instructions/a11y.instructions.md
  ref: dae77f24132c1d686c30fd5b29aee0d63668d1d2
  checksum: sha256:d85d6df4945f3816e5775915ab1eb051f289626e4ea85ba3ac9aa4eff6aa402c
- id: accessibility-audit
  kind: prompts
  sourceType: external
  url: https://github.com/wshobson/commands/blob/main/tools/accessibility-audit.md
  ref: 27d3e77b1a844223721f6c983ddf261ac4441b89
  checksum: sha256:2d2314ebcf6e135c138309f819535f5208f8f044b3065d391d9f65953f8c2ad8
- id: agent-safety
  kind: instructions
  sourceType: external
  url: https://github.com/github/awesome-copilot/blob/main/instructions/agent-safety.instructions.md
  ref: dae77f24132c1d686c30fd5b29aee0d63668d1d2
  checksum: sha256:f32c666ffae1777a57475bce56fc49f01cc76cdd2fea82ff2b9d976fad0b8a8b
- id: api-scaffold
  kind: prompts
  sourceType: external
  url: https://github.com/wshobson/commands/blob/main/tools/api-scaffold.md
  ref: 27d3e77b1a844223721f6c983ddf261ac4441b89
  checksum: sha256:f10812622c2fe60751e275190fd69ff15436734b8f3b2df7e06ba6a22650bb84
- id: azure-compute
  kind: skills
  sourceType: external
  url: https://github.com/microsoft/azure-skills/tree/main/skills/azure-compute
  ref: 1b592c63641049ff33e4952c4021c63b4507f147
  checksum: sha256:9c63b99a9218ed1620f10b4f848f56f84c1597fbb5ee6f8f6391db8e3a7a437d
- id: backend-architect
  kind: agents
  sourceType: external
  url: https://github.com/wshobson/agents/blob/main/plugins/backend-development/agents/backend-architect.md
  ref: c4b82b0ad771190355eb8e204b1329732a18449a
  checksum: sha256:66598cd9077472e0d9a3406ea46635d12766defac27f84090f93c1903bcd3da2
- id: block-rm-rf
  kind: hooks
  sourceType: local
  checksum: sha256:10909a804a2b772b10dac9e5cb739669c1603257ee5f548ea3eef39b733d25be
- id: brainstorming
  kind: skills
  sourceType: external
  url: https://github.com/obra/superpowers/tree/main/skills/brainstorming
  ref: d884ae04edebef577e82ff7c4e143debd0bbec99
  checksum: sha256:01298c133b3217109af9ad957f135a530b43f2e3cfd2b7fc18398c7ee3fd38ae
- id: caveman
  kind: skills
  sourceType: external
  url: https://github.com/JuliusBrussee/caveman/tree/main/skills/caveman
  ref: 0d95a81d35a9f2d123a5e9430d1cfc43d55f1bb0
  checksum: sha256:b374fd56fe57dce58b3b1efb3f38f484a5181a17fbe7e86656ba6716325d4f76
- id: caveman-commit
  kind: skills
  sourceType: external
  url: https://github.com/JuliusBrussee/caveman/tree/main/skills/caveman-commit
  ref: 0d95a81d35a9f2d123a5e9430d1cfc43d55f1bb0
  checksum: sha256:6dd815272bc7b6a4e9c4d0eaa35a761207fb6656fbc8d0030dcdbb04fcd933c6
- id: code-explain
  kind: prompts
  sourceType: external
  url: https://github.com/wshobson/commands/blob/main/tools/code-explain.md
  ref: 27d3e77b1a844223721f6c983ddf261ac4441b89
  checksum: sha256:a4a5326fb32197d1ae52c94d8e5cb67e1020fac6ee7450b8f424724cc12bf509
- id: code-review
  kind: skills
  sourceType: external
  url: https://github.com/mattpocock/skills/tree/main/skills/engineering/code-review
  ref: ed37663cc5fbef691ddfecd080dff42f7e7e350d
  checksum: sha256:737b4646e7a6066789d1323f345100a9016d14df71d5e77e601dc953a7e2560c
- id: code-reviewer
  kind: agents
  sourceType: external
  url: https://github.com/wshobson/agents/blob/main/plugins/comprehensive-review/agents/code-reviewer.md
  ref: c4b82b0ad771190355eb8e204b1329732a18449a
  checksum: sha256:1d4be63448f48c10956e4395e54c91fde6874dca26567944aaf657acc7f9e35e
- id: codebase-design
  kind: skills
  sourceType: external
  url: https://github.com/mattpocock/skills/tree/main/skills/engineering/codebase-design
  ref: ed37663cc5fbef691ddfecd080dff42f7e7e350d
  checksum: sha256:5e583a6b96584655940f485ec88cab566a154bf4e51469a53c2168e05319e1ec
- id: compliance-check
  kind: prompts
  sourceType: external
  url: https://github.com/wshobson/commands/blob/main/tools/compliance-check.md
  ref: 27d3e77b1a844223721f6c983ddf261ac4441b89
  checksum: sha256:0de13fb9478f1191c65c141ac3810607243fb8e7ac0e51ac9e6c0f4997b781f0
- id: debugger
  kind: agents
  sourceType: external
  url: https://github.com/wshobson/agents/blob/main/plugins/debugging-toolkit/agents/debugger.md
  ref: c4b82b0ad771190355eb8e204b1329732a18449a
  checksum: sha256:3d0e9b906e5f5e29e76758cf5b170023c5cbd9f2d908bfd8263043e60d342f87
- id: diagnosing-bugs
  kind: skills
  sourceType: external
  url: https://github.com/mattpocock/skills/tree/main/skills/engineering/diagnosing-bugs
  ref: ed37663cc5fbef691ddfecd080dff42f7e7e350d
  checksum: sha256:19fc69eef9cbbdf0e20809eccad4d2002d4825bbc8903c7115e09d83b999d0ec
- id: domain-modeling
  kind: skills
  sourceType: external
  url: https://github.com/mattpocock/skills/tree/main/skills/engineering/domain-modeling
  ref: ed37663cc5fbef691ddfecd080dff42f7e7e350d
  checksum: sha256:aec973bad19c78d0a88b698874a3f0f642314bb3225f6d7e81d6040764698f37
- id: fetch
  kind: mcp
  sourceType: local
  checksum: sha256:94842eb4dca3856f2892c2bb2ab763fde2c943d84f9dbda311f8cb7152a14ecb
- id: find-skills
  kind: skills
  sourceType: external
  url: https://github.com/vercel-labs/skills/tree/main/skills/find-skills
  ref: e173b8c88f2581cfdaa1b6767c6519a08155790e
  checksum: sha256:e3f389862ad0f3599c9e69aafae21af6f2623e59ec86227be91f2874a6285bda
- id: fix-broken-links
  kind: hooks
  sourceType: external
  url: https://github.com/github/awesome-copilot/tree/main/hooks/fix-broken-links
  ref: dae77f24132c1d686c30fd5b29aee0d63668d1d2
  checksum: sha256:c0ce580d849de10b6c3cf813a071ccef25c6ded15d9f95d100c24fc1b46aa74e
- id: format-on-write
  kind: hooks
  sourceType: local
  checksum: sha256:0399a6886460b9caa96246fd7d16c4f560d20782065bd97d16097e4a777f6aa0
- id: git-guardrails
  kind: hooks
  sourceType: external
  url: https://github.com/mattpocock/skills/tree/main/skills/misc/git-guardrails-claude-code
  ref: ed37663cc5fbef691ddfecd080dff42f7e7e350d
  checksum: sha256:57dd2996b4e89fd3b1be96bde49ae76cf1b37b35c11bd495197c95add66b94d2
- id: github
  kind: mcp
  sourceType: local
  checksum: sha256:72decd8ffc5eabc92c1b24b425c62b510a73a24be47d5b51ea66df93d6de320f
- id: github-remote
  kind: mcp
  sourceType: local
  checksum: sha256:db178666c0c6fc0093587a9c7f2eb63ddbc0ccba52fdd24b0673434c5d97876e
- id: go-backend
  kind: rules
  sourceType: external
  url: https://github.com/PatrickJS/awesome-cursorrules/blob/main/rules/go-backend-scalability-cursorrules-prompt-file.mdc
  ref: b044f956f021b6e8877f16781bcfc466a6a120e9
  checksum: sha256:514d611e0e21fbc6cf77c0ef7565f8a465edaa31ffb73b1ba6d25570806cd437
- id: grill-me
  kind: skills
  sourceType: local
  checksum: sha256:b1aaceb0789b8aa19b2ee4a6ccff6189f10e9bfec6c424a039b6de39e9551555
- id: grill-with-docs
  kind: skills
  sourceType: external
  url: https://github.com/mattpocock/skills/tree/main/skills/engineering/grill-with-docs
  ref: ed37663cc5fbef691ddfecd080dff42f7e7e350d
  checksum: sha256:bb68f74097f73462858c1a995382fdb4c20e95fb840d7a747709fd6064f33be7
- id: handoff
  kind: skills
  sourceType: external
  url: https://github.com/mattpocock/skills/tree/main/skills/productivity/handoff
  ref: ed37663cc5fbef691ddfecd080dff42f7e7e350d
  checksum: sha256:8f94141e96d098adc6058b739c7a9e3375de06162ec5e037da01f23393d68ff3
- id: implement
  kind: skills
  sourceType: external
  url: https://github.com/mattpocock/skills/tree/main/skills/engineering/implement
  ref: ed37663cc5fbef691ddfecd080dff42f7e7e350d
  checksum: sha256:9ca673e2034f37cf01ba5247cf49f1bf021491c4746749cc43c9a1ac54f59d47
- id: improve-codebase-architecture
  kind: skills
  sourceType: external
  url: https://github.com/mattpocock/skills/tree/main/skills/engineering/improve-codebase-architecture
  ref: ed37663cc5fbef691ddfecd080dff42f7e7e350d
  checksum: sha256:7bd38935158779f9ad0161da3c5a14caa63297ae548d944918db0df4d2c00d64
- id: memory
  kind: mcp
  sourceType: local
  checksum: sha256:9d959e080d656d81cb709e1e29c270d277dccfcd682c16d85842f68b4b9e650e
- id: nextjs-app-router
  kind: rules
  sourceType: external
  url: https://github.com/PatrickJS/awesome-cursorrules/blob/main/rules/nextjs-app-router-cursorrules-prompt-file.mdc
  ref: b044f956f021b6e8877f16781bcfc466a6a120e9
  checksum: sha256:3f9ea16b5751b3e7a727e8ca7bec5fe15d4b5533aab9b259a4e908c750f031f9
- id: no-commit-to-main
  kind: hooks
  sourceType: local
  checksum: sha256:9d8b7636b06c0779610d32338221594cff9d96a87cf666b09afa3b70bea1f24e
- id: playwright
  kind: mcp
  sourceType: local
  checksum: sha256:99caef95cc08b2adba2d07788022ef5a5c1392ba9dc883936745039b187e17eb
- id: protect-secret-files
  kind: hooks
  sourceType: local
  checksum: sha256:6f018fbd616de97c5db6e482f4f5e8073328748b2c582a0743f23a7ead152ccb
- id: python-fastapi
  kind: rules
  sourceType: external
  url: https://github.com/PatrickJS/awesome-cursorrules/blob/main/rules/python-fastapi-cursorrules-prompt-file.mdc
  ref: b044f956f021b6e8877f16781bcfc466a6a120e9
  checksum: sha256:1ea60da5030bca99c39cc56f31d44eb0b133b7997dcda2ef1550b4f148886fb1
- id: python-typescript
  kind: rules
  sourceType: external
  url: https://github.com/PatrickJS/awesome-cursorrules/blob/main/rules/python--typescript-guide-cursorrules-prompt-file.mdc
  ref: b044f956f021b6e8877f16781bcfc466a6a120e9
  checksum: sha256:3c5b1ebd93546919715b1cc51bb59a04298e236ce1ccb17e03c7fe54b71cfdf1
- id: react-typescript
  kind: rules
  sourceType: external
  url: https://github.com/PatrickJS/awesome-cursorrules/blob/main/rules/nextjs-react-typescript-cursorrules-prompt-file.mdc
  ref: b044f956f021b6e8877f16781bcfc466a6a120e9
  checksum: sha256:ff8b10a61abd8228ebd97a0e0ac472d873945b27b3313032d8d45cc10a780f1e
- id: receiving-code-review
  kind: skills
  sourceType: external
  url: https://github.com/obra/superpowers/tree/main/skills/receiving-code-review
  ref: d884ae04edebef577e82ff7c4e143debd0bbec99
  checksum: sha256:e078c146620edba4f0cab568c3e1bd1ca15eac8943d8a7d4290820688242b65a
- id: requesting-code-review
  kind: skills
  sourceType: external
  url: https://github.com/obra/superpowers/tree/main/skills/requesting-code-review
  ref: d884ae04edebef577e82ff7c4e143debd0bbec99
  checksum: sha256:e787aa903f17e21cada9ad8db1528e32114440ba2f1ca5375936dcf19c68a6e7
- id: resolving-merge-conflicts
  kind: skills
  sourceType: external
  url: https://github.com/mattpocock/skills/tree/main/skills/engineering/resolving-merge-conflicts
  ref: ed37663cc5fbef691ddfecd080dff42f7e7e350d
  checksum: sha256:7aa6359c1ac4baf0e9f2718c42717d78d7b4efadfd61e07c2a20635d53a466a4
- id: rust
  kind: rules
  sourceType: external
  url: https://github.com/PatrickJS/awesome-cursorrules/blob/main/rules/rust-general.mdc
  ref: b044f956f021b6e8877f16781bcfc466a6a120e9
  checksum: sha256:1d9815d7def6716b152a48d1a6c1af3e4d0f1cf4817d67914c1b7064f65723d3
- id: secret-scan
  kind: hooks
  sourceType: local
  checksum: sha256:8b1cfd494adda6cd0651454dcbc4c0496ea8bdee99d43d24bb2f937e37097b6f
- id: security-auditor
  kind: agents
  sourceType: external
  url: https://github.com/wshobson/agents/blob/main/plugins/comprehensive-review/agents/security-auditor.md
  ref: c4b82b0ad771190355eb8e204b1329732a18449a
  checksum: sha256:60cc935ebc0f3e651a88fbbf688202301cb3003be14a2e7dda58d6cb5bd38c56
- id: sequential-thinking
  kind: mcp
  sourceType: local
  checksum: sha256:939c2d8ca3ea5c21699f86c4a1f4892cf152547ae73e0ac862ff8bfff7c2c35f
- id: setup-pre-commit
  kind: skills
  sourceType: external
  url: https://github.com/mattpocock/skills/tree/main/skills/misc/setup-pre-commit
  ref: ed37663cc5fbef691ddfecd080dff42f7e7e350d
  checksum: sha256:5acdb6c7bf1c1fc0592d3d6574f35b4b7fe52de54561784534cce4b4683952b8
- id: shadcn
  kind: skills
  sourceType: external
  url: https://github.com/shadcn-ui/ui/tree/main/skills/shadcn
  ref: 4baadbc6517070ae8f8feb2c97037adc2b305544
  checksum: sha256:c1a829a8528140ae4cb2154cc606ce745091a86a861ddc60b3164ae3ceb3d005
- id: superpowers-tdd
  kind: skills
  sourceType: external
  url: https://github.com/obra/superpowers/tree/main/skills/test-driven-development
  ref: d884ae04edebef577e82ff7c4e143debd0bbec99
  checksum: sha256:86994fa59eaab0dc169f40f82d1a00f678b586098c2420015a887a98075f4260
- id: svelte
  kind: rules
  sourceType: external
  url: https://github.com/PatrickJS/awesome-cursorrules/blob/main/rules/svelte.mdc
  ref: b044f956f021b6e8877f16781bcfc466a6a120e9
  checksum: sha256:381360866d37aa90fddcd1536892ae434463e0da47ed089717284c223887dde1
- id: systematic-debugging
  kind: skills
  sourceType: external
  url: https://github.com/obra/superpowers/tree/main/skills/systematic-debugging
  ref: d884ae04edebef577e82ff7c4e143debd0bbec99
  checksum: sha256:37e1fdb66f96e91d525c19faf55a06d240b393298288650a632ccc8f54c49527
- id: tdd
  kind: skills
  sourceType: external
  url: https://github.com/mattpocock/skills/tree/main/skills/engineering/tdd
  ref: ed37663cc5fbef691ddfecd080dff42f7e7e350d
  checksum: sha256:1bf2a8696bb44052677ec1688b4f56afeaa00b88e80d989a685257e424195e7a
- id: to-tickets
  kind: skills
  sourceType: external
  url: https://github.com/mattpocock/skills/tree/main/skills/engineering/to-tickets
  ref: ed37663cc5fbef691ddfecd080dff42f7e7e350d
  checksum: sha256:a58b1628066c281ce03e7a64b21efec5abc1ce003ae48adc31124628ab9b9f1e
- id: tool-guardian
  kind: hooks
  sourceType: external
  url: https://github.com/github/awesome-copilot/tree/main/hooks/tool-guardian
  ref: dae77f24132c1d686c30fd5b29aee0d63668d1d2
  checksum: sha256:710cf7f75b140507efd729cb39ee8666e9d37836f38d8cd05e9c827329417052
- id: triage
  kind: skills
  sourceType: external
  url: https://github.com/mattpocock/skills/tree/main/skills/engineering/triage
  ref: ed37663cc5fbef691ddfecd080dff42f7e7e350d
  checksum: sha256:049f459f479b0a5fe41c41cb6a4c898ae85dafea1e017932ac6b84f715db28cc
- id: ui-visual-validator
  kind: agents
  sourceType: external
  url: https://github.com/wshobson/agents/blob/main/plugins/accessibility-compliance/agents/ui-visual-validator.md
  ref: c4b82b0ad771190355eb8e204b1329732a18449a
  checksum: sha256:bc89cd0279980a61301304ab97753d92a39a2b0bf9633d60b040efb7deab5bc4
- id: verification-before-completion
  kind: skills
  sourceType: external
  url: https://github.com/obra/superpowers/tree/main/skills/verification-before-completion
  ref: d884ae04edebef577e82ff7c4e143debd0bbec99
  checksum: sha256:92137f94fc6763f5957a5f0687a3fde82b612eac9261609469179f8047068306
- id: vue-nuxt
  kind: rules
  sourceType: external
  url: https://github.com/PatrickJS/awesome-cursorrules/blob/main/rules/vue-3-nuxt-3-typescript-cursorrules-prompt-file.mdc
  ref: b044f956f021b6e8877f16781bcfc466a6a120e9
  checksum: sha256:e680c3926c2d87ae270d99383b859dc9bbd2d75a04800cdef14258bfd844a5b4
- id: writing-great-skills
  kind: skills
  sourceType: external
  url: https://github.com/mattpocock/skills/tree/main/skills/productivity/writing-great-skills
  ref: ed37663cc5fbef691ddfecd080dff42f7e7e350d
  checksum: sha256:46364e4716c5266250d7aa4500d90d7d54cab65c53fee5ee68cbb4f6fd8b8f37
- id: writing-plans
  kind: skills
  sourceType: external
  url: https://github.com/obra/superpowers/tree/main/skills/writing-plans
  ref: d884ae04edebef577e82ff7c4e143debd0bbec99
  checksum: sha256:b4b4336065e9690df54ba8ec0e7ecb31af386551d45243bdfde460361c6035e6
